
Microsoft Visual Studio Solution File, Format Version 12.00
# Visual Studio Version 17
VisualStudioVersion = 17.0.31903.59
MinimumVisualStudioVersion = 10.0.40219.1
Project("{FAE04EC0-301F-11D3-BF4B-00C04F79EFBC}") = "DesignPattern", "DesignPattern\DesignPattern.csproj", "{66CD112C-608B-40BD-9CDF-602B0837859E}"
EndProject
Project("{FAE04EC0-301F-11D3-BF4B-00C04F79EFBC}") = "Concurrency", "Concurrency\Concurrency.csproj", "{71E97640-1B8C-4BDB-9E93-B76E6A5292C9}"
EndProject
Project("{FAE04EC0-301F-11D3-BF4B-00C04F79EFBC}") = "MemoryManagement", "MemoryManagement\MemoryManagement.csproj", "{9A0AE664-CD9D-4037-AA29-66CA021CA942}"
EndProject
Project("{FAE04EC0-301F-11D3-BF4B-00C04F79EFBC}") = "Functional", "Functional\Functional.csproj", "{B13BCB76-FA22-4E12-AEA1-1C790BB5071D}"
EndProject
Global
	GlobalSection(SolutionConfigurationPlatforms) = preSolution
		Debug|Any CPU = Debug|Any CPU
		Release|Any CPU = Release|Any CPU
	EndGlobalSection
	GlobalSection(SolutionProperties) = preSolution
		HideSolutionNode = FALSE
	EndGlobalSection
	GlobalSection(ProjectConfigurationPlatforms) = postSolution
		{66CD112C-608B-40BD-9CDF-602B0837859E}.Debug|Any CPU.ActiveCfg = Debug|Any CPU
		{66CD112C-608B-40BD-9CDF-602B0837859E}.Debug|Any CPU.Build.0 = Debug|Any CPU
		{66CD112C-608B-40BD-9CDF-602B0837859E}.Release|Any CPU.ActiveCfg = Release|Any CPU
		{66CD112C-608B-40BD-9CDF-602B0837859E}.Release|Any CPU.Build.0 = Release|Any CPU
		{71E97640-1B8C-4BDB-9E93-B76E6A5292C9}.Debug|Any CPU.ActiveCfg = Debug|Any CPU
		{71E97640-1B8C-4BDB-9E93-B76E6A5292C9}.Debug|Any CPU.Build.0 = Debug|Any CPU
		{71E97640-1B8C-4BDB-9E93-B76E6A5292C9}.Release|Any CPU.ActiveCfg = Release|Any CPU
		{71E97640-1B8C-4BDB-9E93-B76E6A5292C9}.Release|Any CPU.Build.0 = Release|Any CPU
		{9A0AE664-CD9D-4037-AA29-66CA021CA942}.Debug|Any CPU.ActiveCfg = Debug|Any CPU
		{9A0AE664-CD9D-4037-AA29-66CA021CA942}.Debug|Any CPU.Build.0 = Debug|Any CPU
		{9A0AE664-CD9D-4037-AA29-66CA021CA942}.Release|Any CPU.ActiveCfg = Release|Any CPU
		{9A0AE664-CD9D-4037-AA29-66CA021CA942}.Release|Any CPU.Build.0 = Release|Any CPU
		{B13BCB76-FA22-4E12-AEA1-1C790BB5071D}.Debug|Any CPU.ActiveCfg = Debug|Any CPU
		{B13BCB76-FA22-4E12-AEA1-1C790BB5071D}.Debug|Any CPU.Build.0 = Debug|Any CPU
		{B13BCB76-FA22-4E12-AEA1-1C790BB5071D}.Release|Any CPU.ActiveCfg = Release|Any CPU
		{B13BCB76-FA22-4E12-AEA1-1C790BB5071D}.Release|Any CPU.Build.0 = Release|Any CPU
	EndGlobalSection
EndGlobal
